{
  "nodes": {
    "dune": {
      "inputs": {
        "nixpkgs": [
          "nixpkgs"
        ],
        "ocaml-trunk": "ocaml-trunk",
        "revdeps-dune": "revdeps-dune"
      },
      "locked": {
        "lastModified": 1787174324,
        "narHash": "sha256-kIFc4zyluF8o5qdu6XO6/keW3BdVWm8GBbR6ITgAw7I=",
        "owner": "anmonteiro",
        "repo": "dune",
        "rev": "eb042b96d555f347d0cc89776c6bd8343c978b65",
        "type": "github"
      },
      "original": {
        "owner": "anmonteiro",
        "ref": "anmonteiro/editor-mode-prototype",
        "repo": "dune",
        "type": "github"
      }
    },
    "flake-utils": {
      "inputs": {
        "systems": "systems"
      },
      "locked": {
        "lastModified": 1731533236,
        "narHash": "sha256-l0KFg5HjrsfsO/JpG+r7fRrqm12kzFHyUHqHCVpMMbI=",
        "owner": "numtide",
        "repo": "flake-utils",
        "rev": "11707dc2f618dd54ca8739b309ec4fc024de578b",
        "type": "github"
      },
      "original": {
        "owner": "numtide",
        "repo": "flake-utils",
        "type": "github"
      }
    },
    "melange": {
      "inputs": {
        "melange-compiler-libs": "melange-compiler-libs",
        "nixpkgs": [
          "ocaml-overlays"
        ]
      },
      "locked": {
        "lastModified": 1783843147,
        "narHash": "sha256-lT+PtjJ6l6eQGhd/2szsj9alpV5tn/0uouC3OkeTeX0=",
        "owner": "melange-re",
        "repo": "melange",
        "rev": "08cd3ca8fcc9ec2a75ebacb5f86f336467cd2e6c",
        "type": "github"
      },
      "original": {
        "owner": "melange-re",
        "ref": "v7-55",
        "repo": "melange",
        "type": "github"
      }
    },
    "melange-compiler-libs": {
      "inputs": {
        "nixpkgs": [
          "melange",
          "nixpkgs"
        ]
      },
      "locked": {
        "lastModified": 1783838866,
        "narHash": "sha256-6WDLbI7JSXTCFCj3oVqREtU8/c0D+92ULZUR0OrjLxE=",
        "owner": "melange-re",
        "repo": "melange-compiler-libs",
        "rev": "1a75cd25bb0816c047941be084bf5f9527cbbf05",
        "type": "github"
      },
      "original": {
        "owner": "melange-re",
        "ref": "5.5",
        "repo": "melange-compiler-libs",
        "type": "github"
      }
    },
    "merlin": {
      "flake": false,
      "locked": {
        "lastModified": 1787170126,
        "narHash": "sha256-HJNqJwUykCe+j9+pyBHgBjv33kp6ttEhcKYxG2/bWWU=",
        "owner": "anmonteiro",
        "repo": "merlin",
        "rev": "0a6ef8f175bc396157771339d68125cc7b349d62",
        "type": "github"
      },
      "original": {
        "owner": "anmonteiro",
        "ref": "anmonteiro/editor-mode-prototype",
        "repo": "merlin",
        "type": "github"
      }
    },
    "nixpkgs": {
      "locked": {
        "lastModified": 1786593342,
        "narHash": "sha256-smTKQXMLLStzc8zJevMCckbk3My7SvbbLmPYZUJJKW4=",
        "owner": "NixOS",
        "repo": "nixpkgs",
        "rev": "6b5e5b7a6631f065bf6908986990b37d845f847f",
        "type": "github"
      },
      "original": {
        "owner": "NixOS",
        "ref": "nixpkgs-unstable",
        "repo": "nixpkgs",
        "type": "github"
      }
    },
    "ocaml-lsp": {
      "inputs": {
        "flake-utils": "flake-utils",
        "merlin": [
          "merlin"
        ],
        "nixpkgs": [
          "nixpkgs"
        ]
      },
      "locked": {
        "lastModified": 1787172716,
        "narHash": "sha256-TwGFxuvnriAvVOAfIIb3O8CbAiyuK31+lEDg3rsxLuE=",
        "owner": "anmonteiro",
        "repo": "ocaml-lsp",
        "rev": "2e2eec37f517fc30bead130ebac707f741b7694c",
        "type": "github"
      },
      "original": {
        "owner": "anmonteiro",
        "ref": "anmonteiro/editor-mode-prototype",
        "repo": "ocaml-lsp",
        "type": "github"
      }
    },
    "ocaml-overlays": {
      "inputs": {
        "nixpkgs": [
          "nixpkgs"
        ]
      },
      "locked": {
        "lastModified": 1786757368,
        "narHash": "sha256-VzYgNmKO8tjTYs3AmvmEjE+mQTB9PiGcKY7CzQvryDk=",
        "owner": "nix-ocaml",
        "repo": "nix-overlays",
        "rev": "feb95895d269fa9132686d328060fedf2c8bd983",
        "type": "github"
      },
      "original": {
        "owner": "nix-ocaml",
        "repo": "nix-overlays",
        "type": "github"
      }
    },
    "ocaml-trunk": {
      "flake": false,
      "locked": {
        "lastModified": 1786712498,
        "narHash": "sha256-khXW3+0VvLpw7olTCdcp/SdcnhfOI7aJQ4+DjcdqaT0=",
        "owner": "ocaml",
        "repo": "ocaml",
        "rev": "7c6c082648fc08f44cfebb6fd69e83d5c74b2489",
        "type": "github"
      },
      "original": {
        "owner": "ocaml",
        "ref": "trunk",
        "repo": "ocaml",
        "type": "github"
      }
    },
    "revdeps-dune": {
      "flake": false,
      "locked": {
        "lastModified": 1786771143,
        "narHash": "sha256-AvTBfPm0bWE4lNazOt6J92Gp6+cs2X71XQ1l6YQIT28=",
        "owner": "ocaml",
        "repo": "dune",
        "rev": "00d4e81d4966764d7dd16b97a318015e474e6ba1",
        "type": "github"
      },
      "original": {
        "owner": "ocaml",
        "repo": "dune",
        "type": "github"
      }
    },
    "root": {
      "inputs": {
        "dune": "dune",
        "melange": "melange",
        "merlin": "merlin",
        "nixpkgs": "nixpkgs",
        "ocaml-lsp": "ocaml-lsp",
        "ocaml-overlays": "ocaml-overlays"
      }
    },
    "systems": {
      "locked": {
        "lastModified": 1681028828,
        "narHash": "sha256-Vy1rq5AaRuLzOxct8nz4T6wlgyUR7zLU309k9mBC768=",
        "owner": "nix-systems",
        "repo": "default",
        "rev": "da67096a3b9bf56a91d16901293e51ba5b49a27e",
        "type": "github"
      },
      "original": {
        "owner": "nix-systems",
        "repo": "default",
        "type": "github"
      }
    }
  },
  "root": "root",
  "version": 7
}
